
Microsoft Visual Studio Solution File, Format Version 12.00
# Visual Studio 15
VisualStudioVersion = 15.0.26730.10
MinimumVisualStudioVersion = 10.0.40219.1
Project("{9A19103F-16F7-4668-BE54-9A1E7A4F7556}") = "WebSite", "WebSite\WebSite.csproj", "{14B76684-2AE9-486D-99B9-5393A3E547A5}"
EndProject
Project("{9A19103F-16F7-4668-BE54-9A1E7A4F7556}") = "Core", "Core\Core.csproj", "{05B8F5C7-0097-4341-BDC8-49454249B111}"
EndProject
Project("{9A19103F-16F7-4668-BE54-9A1E7A4F7556}") = "PermissionSystem", "PermissionSystem\PermissionSystem.csproj", "{550942B0-0BAC-4BAC-A7BC-C214D4268E74}"
EndProject
Project("{9A19103F-16F7-4668-BE54-9A1E7A4F7556}") = "IdentitySite", "IdentitySite\IdentitySite.csproj", "{A93F97C3-56BC-4DBB-BA31-0C4C67C4388A}"
EndProject
Project("{2150E333-8FDC-42A3-9474-1A3956D46DE8}") = "Domain", "Domain", "{A09A28F9-8DC7-4706-BD67-65887E263D2C}"
EndProject
Project("{9A19103F-16F7-4668-BE54-9A1E7A4F7556}") = "ViewModels", "ViewModels\ViewModels.csproj", "{C82A8740-E714-4CCA-94DA-FD5BBA6DA0F7}"
EndProject
Project("{9A19103F-16F7-4668-BE54-9A1E7A4F7556}") = "IService", "IService\IService.csproj", "{A80197B2-F40B-4827-A61D-30617085C98F}"
EndProject
Project("{9A19103F-16F7-4668-BE54-9A1E7A4F7556}") = "Service", "Service\Service.csproj", "{5DF5384C-8BF4-434F-B9EA-75BC0A494F9D}"
EndProject
Project("{FAE04EC0-301F-11D3-BF4B-00C04F79EFBC}") = "Tests", "Tests\Tests.csproj", "{982D356B-C0BD-425C-8CC3-9EBD587DB162}"
EndProject
Project("{9A19103F-16F7-4668-BE54-9A1E7A4F7556}") = "AdminSite", "AdminSite\AdminSite.csproj", "{7BF58F60-7D98-4464-A16C-7E09570280EE}"
EndProject
Project("{FAE04EC0-301F-11D3-BF4B-00C04F79EFBC}") = "Controls", "Controls\Controls.csproj", "{DC985B88-E4DA-4216-BC90-87BAECEC472F}"
EndProject
Global
	GlobalSection(SolutionConfigurationPlatforms) = preSolution
		Debug|Any CPU = Debug|Any CPU
		Release|Any CPU = Release|Any CPU
	EndGlobalSection
	GlobalSection(ProjectConfigurationPlatforms) = postSolution
		{14B76684-2AE9-486D-99B9-5393A3E547A5}.Debug|Any CPU.ActiveCfg = Debug|Any CPU
		{14B76684-2AE9-486D-99B9-5393A3E547A5}.Debug|Any CPU.Build.0 = Debug|Any CPU
		{14B76684-2AE9-486D-99B9-5393A3E547A5}.Release|Any CPU.ActiveCfg = Release|Any CPU
		{14B76684-2AE9-486D-99B9-5393A3E547A5}.Release|Any CPU.Build.0 = Release|Any CPU
		{05B8F5C7-0097-4341-BDC8-49454249B111}.Debug|Any CPU.ActiveCfg = Debug|Any CPU
		{05B8F5C7-0097-4341-BDC8-49454249B111}.Debug|Any CPU.Build.0 = Debug|Any CPU
		{05B8F5C7-0097-4341-BDC8-49454249B111}.Release|Any CPU.ActiveCfg = Release|Any CPU
		{05B8F5C7-0097-4341-BDC8-49454249B111}.Release|Any CPU.Build.0 = Release|Any CPU
		{550942B0-0BAC-4BAC-A7BC-C214D4268E74}.Debug|Any CPU.ActiveCfg = Debug|Any CPU
		{550942B0-0BAC-4BAC-A7BC-C214D4268E74}.Debug|Any CPU.Build.0 = Debug|Any CPU
		{550942B0-0BAC-4BAC-A7BC-C214D4268E74}.Release|Any CPU.ActiveCfg = Release|Any CPU
		{550942B0-0BAC-4BAC-A7BC-C214D4268E74}.Release|Any CPU.Build.0 = Release|Any CPU
		{A93F97C3-56BC-4DBB-BA31-0C4C67C4388A}.Debug|Any CPU.ActiveCfg = Debug|Any CPU
		{A93F97C3-56BC-4DBB-BA31-0C4C67C4388A}.Debug|Any CPU.Build.0 = Debug|Any CPU
		{A93F97C3-56BC-4DBB-BA31-0C4C67C4388A}.Release|Any CPU.ActiveCfg = Release|Any CPU
		{A93F97C3-56BC-4DBB-BA31-0C4C67C4388A}.Release|Any CPU.Build.0 = Release|Any CPU
		{C82A8740-E714-4CCA-94DA-FD5BBA6DA0F7}.Debug|Any CPU.ActiveCfg = Debug|Any CPU
		{C82A8740-E714-4CCA-94DA-FD5BBA6DA0F7}.Debug|Any CPU.Build.0 = Debug|Any CPU
		{C82A8740-E714-4CCA-94DA-FD5BBA6DA0F7}.Release|Any CPU.ActiveCfg = Release|Any CPU
		{C82A8740-E714-4CCA-94DA-FD5BBA6DA0F7}.Release|Any CPU.Build.0 = Release|Any CPU
		{A80197B2-F40B-4827-A61D-30617085C98F}.Debug|Any CPU.ActiveCfg = Debug|Any CPU
		{A80197B2-F40B-4827-A61D-30617085C98F}.Debug|Any CPU.Build.0 = Debug|Any CPU
		{A80197B2-F40B-4827-A61D-30617085C98F}.Release|Any CPU.ActiveCfg = Release|Any CPU
		{A80197B2-F40B-4827-A61D-30617085C98F}.Release|Any CPU.Build.0 = Release|Any CPU
		{5DF5384C-8BF4-434F-B9EA-75BC0A494F9D}.Debug|Any CPU.ActiveCfg = Debug|Any CPU
		{5DF5384C-8BF4-434F-B9EA-75BC0A494F9D}.Debug|Any CPU.Build.0 = Debug|Any CPU
		{5DF5384C-8BF4-434F-B9EA-75BC0A494F9D}.Release|Any CPU.ActiveCfg = Release|Any CPU
		{5DF5384C-8BF4-434F-B9EA-75BC0A494F9D}.Release|Any CPU.Build.0 = Release|Any CPU
		{982D356B-C0BD-425C-8CC3-9EBD587DB162}.Debug|Any CPU.ActiveCfg = Debug|Any CPU
		{982D356B-C0BD-425C-8CC3-9EBD587DB162}.Debug|Any CPU.Build.0 = Debug|Any CPU
		{982D356B-C0BD-425C-8CC3-9EBD587DB162}.Release|Any CPU.ActiveCfg = Release|Any CPU
		{982D356B-C0BD-425C-8CC3-9EBD587DB162}.Release|Any CPU.Build.0 = Release|Any CPU
		{7BF58F60-7D98-4464-A16C-7E09570280EE}.Debug|Any CPU.ActiveCfg = Debug|Any CPU
		{7BF58F60-7D98-4464-A16C-7E09570280EE}.Debug|Any CPU.Build.0 = Debug|Any CPU
		{7BF58F60-7D98-4464-A16C-7E09570280EE}.Release|Any CPU.ActiveCfg = Release|Any CPU
		{7BF58F60-7D98-4464-A16C-7E09570280EE}.Release|Any CPU.Build.0 = Release|Any CPU
		{DC985B88-E4DA-4216-BC90-87BAECEC472F}.Debug|Any CPU.ActiveCfg = Debug|Any CPU
		{DC985B88-E4DA-4216-BC90-87BAECEC472F}.Debug|Any CPU.Build.0 = Debug|Any CPU
		{DC985B88-E4DA-4216-BC90-87BAECEC472F}.Release|Any CPU.ActiveCfg = Release|Any CPU
		{DC985B88-E4DA-4216-BC90-87BAECEC472F}.Release|Any CPU.Build.0 = Release|Any CPU
	EndGlobalSection
	GlobalSection(SolutionProperties) = preSolution
		HideSolutionNode = FALSE
	EndGlobalSection
	GlobalSection(NestedProjects) = preSolution
		{05B8F5C7-0097-4341-BDC8-49454249B111} = {A09A28F9-8DC7-4706-BD67-65887E263D2C}
		{550942B0-0BAC-4BAC-A7BC-C214D4268E74} = {A09A28F9-8DC7-4706-BD67-65887E263D2C}
		{C82A8740-E714-4CCA-94DA-FD5BBA6DA0F7} = {A09A28F9-8DC7-4706-BD67-65887E263D2C}
		{A80197B2-F40B-4827-A61D-30617085C98F} = {A09A28F9-8DC7-4706-BD67-65887E263D2C}
		{5DF5384C-8BF4-434F-B9EA-75BC0A494F9D} = {A09A28F9-8DC7-4706-BD67-65887E263D2C}
		{DC985B88-E4DA-4216-BC90-87BAECEC472F} = {A09A28F9-8DC7-4706-BD67-65887E263D2C}
	EndGlobalSection
	GlobalSection(ExtensibilityGlobals) = postSolution
		SolutionGuid = {6233CE27-6C00-4C33-99A5-9788C6F2C5AA}
	EndGlobalSection
EndGlobal
