
Microsoft Visual Studio Solution File, Format Version 12.00
# Visual Studio 15
VisualStudioVersion = 15.0.27004.2005
MinimumVisualStudioVersion = 10.0.40219.1
Project("{9A19103F-16F7-4668-BE54-9A1E7A4F7556}") = "Core", "Core\Core.csproj", "{05B8F5C7-0097-4341-BDC8-49454249B111}"
EndProject
Project("{9A19103F-16F7-4668-BE54-9A1E7A4F7556}") = "PermissionSystem", "PermissionSystem\PermissionSystem.csproj", "{550942B0-0BAC-4BAC-A7BC-C214D4268E74}"
EndProject
Project("{2150E333-8FDC-42A3-9474-1A3956D46DE8}") = "Domain", "Domain", "{A09A28F9-8DC7-4706-BD67-65887E263D2C}"
EndProject
Project("{9A19103F-16F7-4668-BE54-9A1E7A4F7556}") = "ViewModels", "ViewModels\ViewModels.csproj", "{C82A8740-E714-4CCA-94DA-FD5BBA6DA0F7}"
EndProject
Project("{9A19103F-16F7-4668-BE54-9A1E7A4F7556}") = "IService", "IService\IService.csproj", "{A80197B2-F40B-4827-A61D-30617085C98F}"
EndProject
Project("{9A19103F-16F7-4668-BE54-9A1E7A4F7556}") = "Service", "Service\Service.csproj", "{5DF5384C-8BF4-434F-B9EA-75BC0A494F9D}"
EndProject
Project("{9A19103F-16F7-4668-BE54-9A1E7A4F7556}") = "AdminSite", "AdminSite\AdminSite.csproj", "{7BF58F60-7D98-4464-A16C-7E09570280EE}"
EndProject
Project("{9A19103F-16F7-4668-BE54-9A1E7A4F7556}") = "Controls", "Controls\Controls.csproj", "{DC985B88-E4DA-4216-BC90-87BAECEC472F}"
EndProject
Project("{9A19103F-16F7-4668-BE54-9A1E7A4F7556}") = "LoggerExtensions", "LoggerExtensions\LoggerExtensions.csproj", "{FB8E0111-48BD-4698-9ED6-04991B6A4987}"
EndProject
Project("{2150E333-8FDC-42A3-9474-1A3956D46DE8}") = "Data", "Data", "{AB913E34-CE9A-48EB-8FD3-9A4996EA4ABB}"
EndProject
Project("{9A19103F-16F7-4668-BE54-9A1E7A4F7556}") = "Mongo", "Mongo\Mongo.csproj", "{72448E39-80A7-446C-908A-1949417BD697}"
EndProject
Project("{2150E333-8FDC-42A3-9474-1A3956D46DE8}") = "Services", "Services", "{A566EB22-7DB2-4AE0-8FCA-B9A7A4A711F3}"
EndProject
Project("{2150E333-8FDC-42A3-9474-1A3956D46DE8}") = "Plugins", "Plugins", "{55279E99-3A76-4ADC-BEA6-9BD9328DD9E5}"
EndProject
Project("{9A19103F-16F7-4668-BE54-9A1E7A4F7556}") = "AliPay", "AliPay\AliPay.csproj", "{3E8A1B55-DC5C-465E-AB42-7A0BB5780C9D}"
EndProject
Project("{9A19103F-16F7-4668-BE54-9A1E7A4F7556}") = "Tests", "Tests\Tests.csproj", "{78C78657-5F29-4AA8-902F-D78539EFE34C}"
EndProject
Project("{9A19103F-16F7-4668-BE54-9A1E7A4F7556}") = "WxPay", "WxPay\WxPay.csproj", "{2E16C017-C77A-4628-AADE-37CD531755E8}"
EndProject
Project("{2150E333-8FDC-42A3-9474-1A3956D46DE8}") = "WebSite", "WebSite", "{9703866A-D28D-47A6-B016-EF77DB4D2616}"
EndProject
Project("{9A19103F-16F7-4668-BE54-9A1E7A4F7556}") = "IdentitySite", "IdentitySite\IdentitySite.csproj", "{25758D88-7D57-4266-A792-B1EA719EA586}"
EndProject
Project("{9A19103F-16F7-4668-BE54-9A1E7A4F7556}") = "PayCenter", "PayCenter\PayCenter.csproj", "{94549912-DF94-42B2-9AF7-D1D8D219D42F}"
EndProject
Global
	GlobalSection(SolutionConfigurationPlatforms) = preSolution
		Debug|Any CPU = Debug|Any CPU
		Release|Any CPU = Release|Any CPU
	EndGlobalSection
	GlobalSection(ProjectConfigurationPlatforms) = postSolution
		{05B8F5C7-0097-4341-BDC8-49454249B111}.Debug|Any CPU.ActiveCfg = Debug|Any CPU
		{05B8F5C7-0097-4341-BDC8-49454249B111}.Debug|Any CPU.Build.0 = Debug|Any CPU
		{05B8F5C7-0097-4341-BDC8-49454249B111}.Release|Any CPU.ActiveCfg = Release|Any CPU
		{05B8F5C7-0097-4341-BDC8-49454249B111}.Release|Any CPU.Build.0 = Release|Any CPU
		{550942B0-0BAC-4BAC-A7BC-C214D4268E74}.Debug|Any CPU.ActiveCfg = Debug|Any CPU
		{550942B0-0BAC-4BAC-A7BC-C214D4268E74}.Debug|Any CPU.Build.0 = Debug|Any CPU
		{550942B0-0BAC-4BAC-A7BC-C214D4268E74}.Release|Any CPU.ActiveCfg = Release|Any CPU
		{550942B0-0BAC-4BAC-A7BC-C214D4268E74}.Release|Any CPU.Build.0 = Release|Any CPU
		{C82A8740-E714-4CCA-94DA-FD5BBA6DA0F7}.Debug|Any CPU.ActiveCfg = Debug|Any CPU
		{C82A8740-E714-4CCA-94DA-FD5BBA6DA0F7}.Debug|Any CPU.Build.0 = Debug|Any CPU
		{C82A8740-E714-4CCA-94DA-FD5BBA6DA0F7}.Release|Any CPU.ActiveCfg = Release|Any CPU
		{C82A8740-E714-4CCA-94DA-FD5BBA6DA0F7}.Release|Any CPU.Build.0 = Release|Any CPU
		{A80197B2-F40B-4827-A61D-30617085C98F}.Debug|Any CPU.ActiveCfg = Debug|Any CPU
		{A80197B2-F40B-4827-A61D-30617085C98F}.Debug|Any CPU.Build.0 = Debug|Any CPU
		{A80197B2-F40B-4827-A61D-30617085C98F}.Release|Any CPU.ActiveCfg = Release|Any CPU
		{A80197B2-F40B-4827-A61D-30617085C98F}.Release|Any CPU.Build.0 = Release|Any CPU
		{5DF5384C-8BF4-434F-B9EA-75BC0A494F9D}.Debug|Any CPU.ActiveCfg = Debug|Any CPU
		{5DF5384C-8BF4-434F-B9EA-75BC0A494F9D}.Debug|Any CPU.Build.0 = Debug|Any CPU
		{5DF5384C-8BF4-434F-B9EA-75BC0A494F9D}.Release|Any CPU.ActiveCfg = Release|Any CPU
		{5DF5384C-8BF4-434F-B9EA-75BC0A494F9D}.Release|Any CPU.Build.0 = Release|Any CPU
		{7BF58F60-7D98-4464-A16C-7E09570280EE}.Debug|Any CPU.ActiveCfg = Debug|Any CPU
		{7BF58F60-7D98-4464-A16C-7E09570280EE}.Debug|Any CPU.Build.0 = Debug|Any CPU
		{7BF58F60-7D98-4464-A16C-7E09570280EE}.Release|Any CPU.ActiveCfg = Release|Any CPU
		{7BF58F60-7D98-4464-A16C-7E09570280EE}.Release|Any CPU.Build.0 = Release|Any CPU
		{DC985B88-E4DA-4216-BC90-87BAECEC472F}.Debug|Any CPU.ActiveCfg = Debug|Any CPU
		{DC985B88-E4DA-4216-BC90-87BAECEC472F}.Debug|Any CPU.Build.0 = Debug|Any CPU
		{DC985B88-E4DA-4216-BC90-87BAECEC472F}.Release|Any CPU.ActiveCfg = Release|Any CPU
		{DC985B88-E4DA-4216-BC90-87BAECEC472F}.Release|Any CPU.Build.0 = Release|Any CPU
		{FB8E0111-48BD-4698-9ED6-04991B6A4987}.Debug|Any CPU.ActiveCfg = Debug|Any CPU
		{FB8E0111-48BD-4698-9ED6-04991B6A4987}.Debug|Any CPU.Build.0 = Debug|Any CPU
		{FB8E0111-48BD-4698-9ED6-04991B6A4987}.Release|Any CPU.ActiveCfg = Release|Any CPU
		{FB8E0111-48BD-4698-9ED6-04991B6A4987}.Release|Any CPU.Build.0 = Release|Any CPU
		{72448E39-80A7-446C-908A-1949417BD697}.Debug|Any CPU.ActiveCfg = Debug|Any CPU
		{72448E39-80A7-446C-908A-1949417BD697}.Debug|Any CPU.Build.0 = Debug|Any CPU
		{72448E39-80A7-446C-908A-1949417BD697}.Release|Any CPU.ActiveCfg = Release|Any CPU
		{72448E39-80A7-446C-908A-1949417BD697}.Release|Any CPU.Build.0 = Release|Any CPU
		{3E8A1B55-DC5C-465E-AB42-7A0BB5780C9D}.Debug|Any CPU.ActiveCfg = Debug|Any CPU
		{3E8A1B55-DC5C-465E-AB42-7A0BB5780C9D}.Debug|Any CPU.Build.0 = Debug|Any CPU
		{3E8A1B55-DC5C-465E-AB42-7A0BB5780C9D}.Release|Any CPU.ActiveCfg = Release|Any CPU
		{3E8A1B55-DC5C-465E-AB42-7A0BB5780C9D}.Release|Any CPU.Build.0 = Release|Any CPU
		{78C78657-5F29-4AA8-902F-D78539EFE34C}.Debug|Any CPU.ActiveCfg = Debug|Any CPU
		{78C78657-5F29-4AA8-902F-D78539EFE34C}.Debug|Any CPU.Build.0 = Debug|Any CPU
		{78C78657-5F29-4AA8-902F-D78539EFE34C}.Release|Any CPU.ActiveCfg = Release|Any CPU
		{78C78657-5F29-4AA8-902F-D78539EFE34C}.Release|Any CPU.Build.0 = Release|Any CPU
		{2E16C017-C77A-4628-AADE-37CD531755E8}.Debug|Any CPU.ActiveCfg = Debug|Any CPU
		{2E16C017-C77A-4628-AADE-37CD531755E8}.Debug|Any CPU.Build.0 = Debug|Any CPU
		{2E16C017-C77A-4628-AADE-37CD531755E8}.Release|Any CPU.ActiveCfg = Release|Any CPU
		{2E16C017-C77A-4628-AADE-37CD531755E8}.Release|Any CPU.Build.0 = Release|Any CPU
		{25758D88-7D57-4266-A792-B1EA719EA586}.Debug|Any CPU.ActiveCfg = Debug|Any CPU
		{25758D88-7D57-4266-A792-B1EA719EA586}.Debug|Any CPU.Build.0 = Debug|Any CPU
		{25758D88-7D57-4266-A792-B1EA719EA586}.Release|Any CPU.ActiveCfg = Release|Any CPU
		{25758D88-7D57-4266-A792-B1EA719EA586}.Release|Any CPU.Build.0 = Release|Any CPU
		{94549912-DF94-42B2-9AF7-D1D8D219D42F}.Debug|Any CPU.ActiveCfg = Debug|Any CPU
		{94549912-DF94-42B2-9AF7-D1D8D219D42F}.Debug|Any CPU.Build.0 = Debug|Any CPU
		{94549912-DF94-42B2-9AF7-D1D8D219D42F}.Release|Any CPU.ActiveCfg = Release|Any CPU
		{94549912-DF94-42B2-9AF7-D1D8D219D42F}.Release|Any CPU.Build.0 = Release|Any CPU
	EndGlobalSection
	GlobalSection(SolutionProperties) = preSolution
		HideSolutionNode = FALSE
	EndGlobalSection
	GlobalSection(NestedProjects) = preSolution
		{05B8F5C7-0097-4341-BDC8-49454249B111} = {A09A28F9-8DC7-4706-BD67-65887E263D2C}
		{550942B0-0BAC-4BAC-A7BC-C214D4268E74} = {AB913E34-CE9A-48EB-8FD3-9A4996EA4ABB}
		{C82A8740-E714-4CCA-94DA-FD5BBA6DA0F7} = {A09A28F9-8DC7-4706-BD67-65887E263D2C}
		{A80197B2-F40B-4827-A61D-30617085C98F} = {A566EB22-7DB2-4AE0-8FCA-B9A7A4A711F3}
		{5DF5384C-8BF4-434F-B9EA-75BC0A494F9D} = {A566EB22-7DB2-4AE0-8FCA-B9A7A4A711F3}
		{7BF58F60-7D98-4464-A16C-7E09570280EE} = {9703866A-D28D-47A6-B016-EF77DB4D2616}
		{DC985B88-E4DA-4216-BC90-87BAECEC472F} = {A09A28F9-8DC7-4706-BD67-65887E263D2C}
		{FB8E0111-48BD-4698-9ED6-04991B6A4987} = {A09A28F9-8DC7-4706-BD67-65887E263D2C}
		{72448E39-80A7-446C-908A-1949417BD697} = {AB913E34-CE9A-48EB-8FD3-9A4996EA4ABB}
		{A566EB22-7DB2-4AE0-8FCA-B9A7A4A711F3} = {A09A28F9-8DC7-4706-BD67-65887E263D2C}
		{3E8A1B55-DC5C-465E-AB42-7A0BB5780C9D} = {55279E99-3A76-4ADC-BEA6-9BD9328DD9E5}
		{2E16C017-C77A-4628-AADE-37CD531755E8} = {55279E99-3A76-4ADC-BEA6-9BD9328DD9E5}
		{25758D88-7D57-4266-A792-B1EA719EA586} = {9703866A-D28D-47A6-B016-EF77DB4D2616}
		{94549912-DF94-42B2-9AF7-D1D8D219D42F} = {9703866A-D28D-47A6-B016-EF77DB4D2616}
	EndGlobalSection
	GlobalSection(ExtensibilityGlobals) = postSolution
		SolutionGuid = {6233CE27-6C00-4C33-99A5-9788C6F2C5AA}
	EndGlobalSection
EndGlobal
